Microsoft Visual Studio Solution File, Format Version 11.00
# Visual Studio 2008

Project("{01863DE3-345C-4AF9-7D8B-B02C0C122E9E}") = "Dungeoneer", "Assembly-CSharp-vs.csproj", "{C29306A6-85FD-E804-A25D-F0A284D6AD10}"
EndProject
Project("{01863DE3-345C-4AF9-7D8B-B02C0C122E9E}") = "Dungeoneer", "Assembly-CSharp-Editor-vs.csproj", "{459F10C4-C235-892E-1DE9-6DE317693B17}"
EndProject
Global
	GlobalSection(SolutionConfigurationPlatforms) = preSolution
		Debug|Any CPU = Debug|Any CPU
		Release|Any CPU = Release|Any CPU
	EndGlobalSection
	GlobalSection(ProjectConfigurationPlatforms) = postSolution
		{C29306A6-85FD-E804-A25D-F0A284D6AD10}.Debug|Any CPU.ActiveCfg = Debug|Any CPU
		{C29306A6-85FD-E804-A25D-F0A284D6AD10}.Debug|Any CPU.Build.0 = Debug|Any CPU
		{C29306A6-85FD-E804-A25D-F0A284D6AD10}.Release|Any CPU.ActiveCfg = Release|Any CPU
		{C29306A6-85FD-E804-A25D-F0A284D6AD10}.Release|Any CPU.Build.0 = Release|Any CPU
		{459F10C4-C235-892E-1DE9-6DE317693B17}.Debug|Any CPU.ActiveCfg = Debug|Any CPU
		{459F10C4-C235-892E-1DE9-6DE317693B17}.Debug|Any CPU.Build.0 = Debug|Any CPU
		{459F10C4-C235-892E-1DE9-6DE317693B17}.Release|Any CPU.ActiveCfg = Release|Any CPU
		{459F10C4-C235-892E-1DE9-6DE317693B17}.Release|Any CPU.Build.0 = Release|Any CPU
	EndGlobalSection
	GlobalSection(SolutionProperties) = preSolution
		HideSolutionNode = FALSE
	EndGlobalSection
																																																																																																																																									GlobalSection(MonoDevelopProperties) = preSolution
		StartupItem = Assembly-CSharp.csproj
		Policies = $0
		$0.TextStylePolicy = $1
		$1.inheritsSet = null
		$1.scope = text/x-csharp
		$0.CSharpFormattingPolicy = $2
		$2.inheritsSet = Mono
		$2.inheritsScope = text/x-csharp
		$2.scope = text/x-csharp
		$0.TextStylePolicy = $3
		$3.FileWidth = 120
		$3.TabWidth = 4
		$3.EolMarker = Unix
		$3.inheritsSet = Mono
		$3.inheritsScope = text/plain
		$3.scope = text/plain
	EndGlobalSection

EndGlobal
